
Microsoft Visual Studio Solution File, Format Version 12.00
# Visual Studio 15
VisualStudioVersion = 15.0.26124.0
MinimumVisualStudioVersion = 15.0.26124.0
Project("{FAE04EC0-301F-11D3-BF4B-00C04F79EFBC}") = "MySweeper", "MySweeper\MySweeper.csproj", "{4ECEED82-DBBF-4B89-8FFF-C646B7B558E8}"
EndProject
Project("{FAE04EC0-301F-11D3-BF4B-00C04F79EFBC}") = "MySweeper.Tests", "MySweeper.Tests\MySweeper.Tests.csproj", "{8DEA4417-F258-454B-B2F9-4DF033105787}"
EndProject
Global
	GlobalSection(SolutionConfigurationPlatforms) = preSolution
		Debug|Any CPU = Debug|Any CPU
		Debug|x64 = Debug|x64
		Debug|x86 = Debug|x86
		Release|Any CPU = Release|Any CPU
		Release|x64 = Release|x64
		Release|x86 = Release|x86
	EndGlobalSection
	GlobalSection(SolutionProperties) = preSolution
		HideSolutionNode = FALSE
	EndGlobalSection
	GlobalSection(ProjectConfigurationPlatforms) = postSolution
		{4ECEED82-DBBF-4B89-8FFF-C646B7B558E8}.Debug|Any CPU.ActiveCfg = Debug|Any CPU
		{4ECEED82-DBBF-4B89-8FFF-C646B7B558E8}.Debug|Any CPU.Build.0 = Debug|Any CPU
		{4ECEED82-DBBF-4B89-8FFF-C646B7B558E8}.Debug|x64.ActiveCfg = Debug|Any CPU
		{4ECEED82-DBBF-4B89-8FFF-C646B7B558E8}.Debug|x64.Build.0 = Debug|Any CPU
		{4ECEED82-DBBF-4B89-8FFF-C646B7B558E8}.Debug|x86.ActiveCfg = Debug|Any CPU
		{4ECEED82-DBBF-4B89-8FFF-C646B7B558E8}.Debug|x86.Build.0 = Debug|Any CPU
		{4ECEED82-DBBF-4B89-8FFF-C646B7B558E8}.Release|Any CPU.ActiveCfg = Release|Any CPU
		{4ECEED82-DBBF-4B89-8FFF-C646B7B558E8}.Release|Any CPU.Build.0 = Release|Any CPU
		{4ECEED82-DBBF-4B89-8FFF-C646B7B558E8}.Release|x64.ActiveCfg = Release|Any CPU
		{4ECEED82-DBBF-4B89-8FFF-C646B7B558E8}.Release|x64.Build.0 = Release|Any CPU
		{4ECEED82-DBBF-4B89-8FFF-C646B7B558E8}.Release|x86.ActiveCfg = Release|Any CPU
		{4ECEED82-DBBF-4B89-8FFF-C646B7B558E8}.Release|x86.Build.0 = Release|Any CPU
		{8DEA4417-F258-454B-B2F9-4DF033105787}.Debug|Any CPU.ActiveCfg = Debug|Any CPU
		{8DEA4417-F258-454B-B2F9-4DF033105787}.Debug|Any CPU.Build.0 = Debug|Any CPU
		{8DEA4417-F258-454B-B2F9-4DF033105787}.Debug|x64.ActiveCfg = Debug|Any CPU
		{8DEA4417-F258-454B-B2F9-4DF033105787}.Debug|x64.Build.0 = Debug|Any CPU
		{8DEA4417-F258-454B-B2F9-4DF033105787}.Debug|x86.ActiveCfg = Debug|Any CPU
		{8DEA4417-F258-454B-B2F9-4DF033105787}.Debug|x86.Build.0 = Debug|Any CPU
		{8DEA4417-F258-454B-B2F9-4DF033105787}.Release|Any CPU.ActiveCfg = Release|Any CPU
		{8DEA4417-F258-454B-B2F9-4DF033105787}.Release|Any CPU.Build.0 = Release|Any CPU
		{8DEA4417-F258-454B-B2F9-4DF033105787}.Release|x64.ActiveCfg = Release|Any CPU
		{8DEA4417-F258-454B-B2F9-4DF033105787}.Release|x64.Build.0 = Release|Any CPU
		{8DEA4417-F258-454B-B2F9-4DF033105787}.Release|x86.ActiveCfg = Release|Any CPU
		{8DEA4417-F258-454B-B2F9-4DF033105787}.Release|x86.Build.0 = Release|Any CPU
	EndGlobalSection
EndGlobal
